Microsoft Visual Studio Solution File, Format Version 12.00
# Visual Studio 14
VisualStudioVersion = 14.0.25123.0
MinimumVisualStudioVersion = 10.0.40219.1
Project("{FAE04EC0-301F-11D3-BF4B-00C04F79EFBC}") = "XFG.Core", "XFG.Core\XFG.Core.csproj", "{E268A360-AC0B-4B3E-B2DD-0D9AD2308FAE}"
EndProject
Project("{FAE04EC0-301F-11D3-BF4B-00C04F79EFBC}") = "TestApp", "TestApp\TestApp.csproj", "{87827CA1-6181-4681-995D-0DC619B1471C}"
EndProject
Project("{FAE04EC0-301F-11D3-BF4B-00C04F79EFBC}") = "XFG.Desktop", "XFG.Desktop\XFG.Desktop.csproj", "{496553A1-952E-4992-8E6F-E8ADCD4FDC02}"
EndProject
Project("{FAE04EC0-301F-11D3-BF4B-00C04F79EFBC}") = "XFG.Android", "XFG.Android\XFG.Android.csproj", "{5B8B5BF7-9266-496F-8EC0-1C6BAC956AB1}"
EndProject
Project("{FAE04EC0-301F-11D3-BF4B-00C04F79EFBC}") = "App1", "App1\App1.csproj", "{845AA2C4-E5B7-434E-AD30-2C9570480D87}"
EndProject
Project("{FAE04EC0-301F-11D3-BF4B-00C04F79EFBC}") = "Test.core", "Test.core\Test.core.csproj", "{D1EF57A9-342D-4599-9EBD-09C6EAB7E617}"
EndProject
Global
	GlobalSection(SolutionConfigurationPlatforms) = preSolution
		AppStore|Any CPU = AppStore|Any CPU
		AppStore|ARM = AppStore|ARM
		AppStore|iPhone = AppStore|iPhone
		AppStore|iPhoneSimulator = AppStore|iPhoneSimulator
		AppStore|x86 = AppStore|x86
		Debug|Any CPU = Debug|Any CPU
		Debug|ARM = Debug|ARM
		Debug|iPhone = Debug|iPhone
		Debug|iPhoneSimulator = Debug|iPhoneSimulator
		Debug|x86 = Debug|x86
		Release|Any CPU = Release|Any CPU
		Release|ARM = Release|ARM
		Release|iPhone = Release|iPhone
		Release|iPhoneSimulator = Release|iPhoneSimulator
		Release|x86 = Release|x86
	EndGlobalSection
	GlobalSection(ProjectConfigurationPlatforms) = postSolution
		{E268A360-AC0B-4B3E-B2DD-0D9AD2308FAE}.AppStore|Any CPU.ActiveCfg = Release|Any CPU
		{E268A360-AC0B-4B3E-B2DD-0D9AD2308FAE}.AppStore|Any CPU.Build.0 = Release|Any CPU
		{E268A360-AC0B-4B3E-B2DD-0D9AD2308FAE}.AppStore|ARM.ActiveCfg = Release|Any CPU
		{E268A360-AC0B-4B3E-B2DD-0D9AD2308FAE}.AppStore|ARM.Build.0 = Release|Any CPU
		{E268A360-AC0B-4B3E-B2DD-0D9AD2308FAE}.AppStore|iPhone.ActiveCfg = Release|Any CPU
		{E268A360-AC0B-4B3E-B2DD-0D9AD2308FAE}.AppStore|iPhone.Build.0 = Release|Any CPU
		{E268A360-AC0B-4B3E-B2DD-0D9AD2308FAE}.AppStore|iPhoneSimulator.ActiveCfg = Release|Any CPU
		{E268A360-AC0B-4B3E-B2DD-0D9AD2308FAE}.AppStore|iPhoneSimulator.Build.0 = Release|Any CPU
		{E268A360-AC0B-4B3E-B2DD-0D9AD2308FAE}.AppStore|x86.ActiveCfg = Release|Any CPU
		{E268A360-AC0B-4B3E-B2DD-0D9AD2308FAE}.AppStore|x86.Build.0 = Release|Any CPU
		{E268A360-AC0B-4B3E-B2DD-0D9AD2308FAE}.Debug|Any CPU.ActiveCfg = Debug|Any CPU
		{E268A360-AC0B-4B3E-B2DD-0D9AD2308FAE}.Debug|Any CPU.Build.0 = Debug|Any CPU
		{E268A360-AC0B-4B3E-B2DD-0D9AD2308FAE}.Debug|ARM.ActiveCfg = Debug|Any CPU
		{E268A360-AC0B-4B3E-B2DD-0D9AD2308FAE}.Debug|ARM.Build.0 = Debug|Any CPU
		{E268A360-AC0B-4B3E-B2DD-0D9AD2308FAE}.Debug|iPhone.ActiveCfg = Debug|Any CPU
		{E268A360-AC0B-4B3E-B2DD-0D9AD2308FAE}.Debug|iPhone.Build.0 = Debug|Any CPU
		{E268A360-AC0B-4B3E-B2DD-0D9AD2308FAE}.Debug|iPhoneSimulator.ActiveCfg = Debug|Any CPU
		{E268A360-AC0B-4B3E-B2DD-0D9AD2308FAE}.Debug|iPhoneSimulator.Build.0 = Debug|Any CPU
		{E268A360-AC0B-4B3E-B2DD-0D9AD2308FAE}.Debug|x86.ActiveCfg = Debug|Any CPU
		{E268A360-AC0B-4B3E-B2DD-0D9AD2308FAE}.Debug|x86.Build.0 = Debug|Any CPU
		{E268A360-AC0B-4B3E-B2DD-0D9AD2308FAE}.Release|Any CPU.ActiveCfg = Release|Any CPU
		{E268A360-AC0B-4B3E-B2DD-0D9AD2308FAE}.Release|Any CPU.Build.0 = Release|Any CPU
		{E268A360-AC0B-4B3E-B2DD-0D9AD2308FAE}.Release|ARM.ActiveCfg = Release|Any CPU
		{E268A360-AC0B-4B3E-B2DD-0D9AD2308FAE}.Release|ARM.Build.0 = Release|Any CPU
		{E268A360-AC0B-4B3E-B2DD-0D9AD2308FAE}.Release|iPhone.ActiveCfg = Release|Any CPU
		{E268A360-AC0B-4B3E-B2DD-0D9AD2308FAE}.Release|iPhone.Build.0 = Release|Any CPU
		{E268A360-AC0B-4B3E-B2DD-0D9AD2308FAE}.Release|iPhoneSimulator.ActiveCfg = Release|Any CPU
		{E268A360-AC0B-4B3E-B2DD-0D9AD2308FAE}.Release|iPhoneSimulator.Build.0 = Release|Any CPU
		{E268A360-AC0B-4B3E-B2DD-0D9AD2308FAE}.Release|x86.ActiveCfg = Release|Any CPU
		{E268A360-AC0B-4B3E-B2DD-0D9AD2308FAE}.Release|x86.Build.0 = Release|Any CPU
		{87827CA1-6181-4681-995D-0DC619B1471C}.AppStore|Any CPU.ActiveCfg = Release|Any CPU
		{87827CA1-6181-4681-995D-0DC619B1471C}.AppStore|Any CPU.Build.0 = Release|Any CPU
		{87827CA1-6181-4681-995D-0DC619B1471C}.AppStore|ARM.ActiveCfg = Release|Any CPU
		{87827CA1-6181-4681-995D-0DC619B1471C}.AppStore|ARM.Build.0 = Release|Any CPU
		{87827CA1-6181-4681-995D-0DC619B1471C}.AppStore|iPhone.ActiveCfg = Release|Any CPU
		{87827CA1-6181-4681-995D-0DC619B1471C}.AppStore|iPhone.Build.0 = Release|Any CPU
		{87827CA1-6181-4681-995D-0DC619B1471C}.AppStore|iPhoneSimulator.ActiveCfg = Release|Any CPU
		{87827CA1-6181-4681-995D-0DC619B1471C}.AppStore|iPhoneSimulator.Build.0 = Release|Any CPU
		{87827CA1-6181-4681-995D-0DC619B1471C}.AppStore|x86.ActiveCfg = Release|Any CPU
		{87827CA1-6181-4681-995D-0DC619B1471C}.AppStore|x86.Build.0 = Release|Any CPU
		{87827CA1-6181-4681-995D-0DC619B1471C}.Debug|Any CPU.ActiveCfg = Debug|Any CPU
		{87827CA1-6181-4681-995D-0DC619B1471C}.Debug|Any CPU.Build.0 = Debug|Any CPU
		{87827CA1-6181-4681-995D-0DC619B1471C}.Debug|ARM.ActiveCfg = Debug|Any CPU
		{87827CA1-6181-4681-995D-0DC619B1471C}.Debug|ARM.Build.0 = Debug|Any CPU
		{87827CA1-6181-4681-995D-0DC619B1471C}.Debug|iPhone.ActiveCfg = Debug|Any CPU
		{87827CA1-6181-4681-995D-0DC619B1471C}.Debug|iPhone.Build.0 = Debug|Any CPU
		{87827CA1-6181-4681-995D-0DC619B1471C}.Debug|iPhoneSimulator.ActiveCfg = Debug|Any CPU
		{87827CA1-6181-4681-995D-0DC619B1471C}.Debug|iPhoneSimulator.Build.0 = Debug|Any CPU
		{87827CA1-6181-4681-995D-0DC619B1471C}.Debug|x86.ActiveCfg = Debug|Any CPU
		{87827CA1-6181-4681-995D-0DC619B1471C}.Debug|x86.Build.0 = Debug|Any CPU
		{87827CA1-6181-4681-995D-0DC619B1471C}.Release|Any CPU.ActiveCfg = Release|Any CPU
		{87827CA1-6181-4681-995D-0DC619B1471C}.Release|Any CPU.Build.0 = Release|Any CPU
		{87827CA1-6181-4681-995D-0DC619B1471C}.Release|ARM.ActiveCfg = Release|Any CPU
		{87827CA1-6181-4681-995D-0DC619B1471C}.Release|ARM.Build.0 = Release|Any CPU
		{87827CA1-6181-4681-995D-0DC619B1471C}.Release|iPhone.ActiveCfg = Release|Any CPU
		{87827CA1-6181-4681-995D-0DC619B1471C}.Release|iPhone.Build.0 = Release|Any CPU
		{87827CA1-6181-4681-995D-0DC619B1471C}.Release|iPhoneSimulator.ActiveCfg = Release|Any CPU
		{87827CA1-6181-4681-995D-0DC619B1471C}.Release|iPhoneSimulator.Build.0 = Release|Any CPU
		{87827CA1-6181-4681-995D-0DC619B1471C}.Release|x86.ActiveCfg = Release|Any CPU
		{87827CA1-6181-4681-995D-0DC619B1471C}.Release|x86.Build.0 = Release|Any CPU
		{496553A1-952E-4992-8E6F-E8ADCD4FDC02}.AppStore|Any CPU.ActiveCfg = Release|Any CPU
		{496553A1-952E-4992-8E6F-E8ADCD4FDC02}.AppStore|Any CPU.Build.0 = Release|Any CPU
		{496553A1-952E-4992-8E6F-E8ADCD4FDC02}.AppStore|ARM.ActiveCfg = Release|Any CPU
		{496553A1-952E-4992-8E6F-E8ADCD4FDC02}.AppStore|ARM.Build.0 = Release|Any CPU
		{496553A1-952E-4992-8E6F-E8ADCD4FDC02}.AppStore|iPhone.ActiveCfg = Release|Any CPU
		{496553A1-952E-4992-8E6F-E8ADCD4FDC02}.AppStore|iPhone.Build.0 = Release|Any CPU
		{496553A1-952E-4992-8E6F-E8ADCD4FDC02}.AppStore|iPhoneSimulator.ActiveCfg = Release|Any CPU
		{496553A1-952E-4992-8E6F-E8ADCD4FDC02}.AppStore|iPhoneSimulator.Build.0 = Release|Any CPU
		{496553A1-952E-4992-8E6F-E8ADCD4FDC02}.AppStore|x86.ActiveCfg = Release|Any CPU
		{496553A1-952E-4992-8E6F-E8ADCD4FDC02}.AppStore|x86.Build.0 = Release|Any CPU
		{496553A1-952E-4992-8E6F-E8ADCD4FDC02}.Debug|Any CPU.ActiveCfg = Debug|Any CPU
		{496553A1-952E-4992-8E6F-E8ADCD4FDC02}.Debug|Any CPU.Build.0 = Debug|Any CPU
		{496553A1-952E-4992-8E6F-E8ADCD4FDC02}.Debug|ARM.ActiveCfg = Debug|Any CPU
		{496553A1-952E-4992-8E6F-E8ADCD4FDC02}.Debug|ARM.Build.0 = Debug|Any CPU
		{496553A1-952E-4992-8E6F-E8ADCD4FDC02}.Debug|iPhone.ActiveCfg = Debug|Any CPU
		{496553A1-952E-4992-8E6F-E8ADCD4FDC02}.Debug|iPhone.Build.0 = Debug|Any CPU
		{496553A1-952E-4992-8E6F-E8ADCD4FDC02}.Debug|iPhoneSimulator.ActiveCfg = Debug|Any CPU
		{496553A1-952E-4992-8E6F-E8ADCD4FDC02}.Debug|iPhoneSimulator.Build.0 = Debug|Any CPU
		{496553A1-952E-4992-8E6F-E8ADCD4FDC02}.Debug|x86.ActiveCfg = Debug|Any CPU
		{496553A1-952E-4992-8E6F-E8ADCD4FDC02}.Debug|x86.Build.0 = Debug|Any CPU
		{496553A1-952E-4992-8E6F-E8ADCD4FDC02}.Release|Any CPU.ActiveCfg = Release|Any CPU
		{496553A1-952E-4992-8E6F-E8ADCD4FDC02}.Release|Any CPU.Build.0 = Release|Any CPU
		{496553A1-952E-4992-8E6F-E8ADCD4FDC02}.Release|ARM.ActiveCfg = Release|Any CPU
		{496553A1-952E-4992-8E6F-E8ADCD4FDC02}.Release|ARM.Build.0 = Release|Any CPU
		{496553A1-952E-4992-8E6F-E8ADCD4FDC02}.Release|iPhone.ActiveCfg = Release|Any CPU
		{496553A1-952E-4992-8E6F-E8ADCD4FDC02}.Release|iPhone.Build.0 = Release|Any CPU
		{496553A1-952E-4992-8E6F-E8ADCD4FDC02}.Release|iPhoneSimulator.ActiveCfg = Release|Any CPU
		{496553A1-952E-4992-8E6F-E8ADCD4FDC02}.Release|iPhoneSimulator.Build.0 = Release|Any CPU
		{496553A1-952E-4992-8E6F-E8ADCD4FDC02}.Release|x86.ActiveCfg = Release|Any CPU
		{496553A1-952E-4992-8E6F-E8ADCD4FDC02}.Release|x86.Build.0 = Release|Any CPU
		{5B8B5BF7-9266-496F-8EC0-1C6BAC956AB1}.AppStore|Any CPU.ActiveCfg = Release|Any CPU
		{5B8B5BF7-9266-496F-8EC0-1C6BAC956AB1}.AppStore|Any CPU.Build.0 = Release|Any CPU
		{5B8B5BF7-9266-496F-8EC0-1C6BAC956AB1}.AppStore|ARM.ActiveCfg = Release|Any CPU
		{5B8B5BF7-9266-496F-8EC0-1C6BAC956AB1}.AppStore|ARM.Build.0 = Release|Any CPU
		{5B8B5BF7-9266-496F-8EC0-1C6BAC956AB1}.AppStore|iPhone.ActiveCfg = Release|Any CPU
		{5B8B5BF7-9266-496F-8EC0-1C6BAC956AB1}.AppStore|iPhone.Build.0 = Release|Any CPU
		{5B8B5BF7-9266-496F-8EC0-1C6BAC956AB1}.AppStore|iPhoneSimulator.ActiveCfg = Release|Any CPU
		{5B8B5BF7-9266-496F-8EC0-1C6BAC956AB1}.AppStore|iPhoneSimulator.Build.0 = Release|Any CPU
		{5B8B5BF7-9266-496F-8EC0-1C6BAC956AB1}.AppStore|x86.ActiveCfg = Release|Any CPU
		{5B8B5BF7-9266-496F-8EC0-1C6BAC956AB1}.AppStore|x86.Build.0 = Release|Any CPU
		{5B8B5BF7-9266-496F-8EC0-1C6BAC956AB1}.Debug|Any CPU.ActiveCfg = Debug|Any CPU
		{5B8B5BF7-9266-496F-8EC0-1C6BAC956AB1}.Debug|Any CPU.Build.0 = Debug|Any CPU
		{5B8B5BF7-9266-496F-8EC0-1C6BAC956AB1}.Debug|ARM.ActiveCfg = Debug|Any CPU
		{5B8B5BF7-9266-496F-8EC0-1C6BAC956AB1}.Debug|ARM.Build.0 = Debug|Any CPU
		{5B8B5BF7-9266-496F-8EC0-1C6BAC956AB1}.Debug|iPhone.ActiveCfg = Debug|Any CPU
		{5B8B5BF7-9266-496F-8EC0-1C6BAC956AB1}.Debug|iPhone.Build.0 = Debug|Any CPU
		{5B8B5BF7-9266-496F-8EC0-1C6BAC956AB1}.Debug|iPhoneSimulator.ActiveCfg = Debug|Any CPU
		{5B8B5BF7-9266-496F-8EC0-1C6BAC956AB1}.Debug|iPhoneSimulator.Build.0 = Debug|Any CPU
		{5B8B5BF7-9266-496F-8EC0-1C6BAC956AB1}.Debug|x86.ActiveCfg = Debug|Any CPU
		{5B8B5BF7-9266-496F-8EC0-1C6BAC956AB1}.Debug|x86.Build.0 = Debug|Any CPU
		{5B8B5BF7-9266-496F-8EC0-1C6BAC956AB1}.Release|Any CPU.ActiveCfg = Release|Any CPU
		{5B8B5BF7-9266-496F-8EC0-1C6BAC956AB1}.Release|Any CPU.Build.0 = Release|Any CPU
		{5B8B5BF7-9266-496F-8EC0-1C6BAC956AB1}.Release|ARM.ActiveCfg = Release|Any CPU
		{5B8B5BF7-9266-496F-8EC0-1C6BAC956AB1}.Release|ARM.Build.0 = Release|Any CPU
		{5B8B5BF7-9266-496F-8EC0-1C6BAC956AB1}.Release|iPhone.ActiveCfg = Release|Any CPU
		{5B8B5BF7-9266-496F-8EC0-1C6BAC956AB1}.Release|iPhone.Build.0 = Release|Any CPU
		{5B8B5BF7-9266-496F-8EC0-1C6BAC956AB1}.Release|iPhoneSimulator.ActiveCfg = Release|Any CPU
		{5B8B5BF7-9266-496F-8EC0-1C6BAC956AB1}.Release|iPhoneSimulator.Build.0 = Release|Any CPU
		{5B8B5BF7-9266-496F-8EC0-1C6BAC956AB1}.Release|x86.ActiveCfg = Release|Any CPU
		{5B8B5BF7-9266-496F-8EC0-1C6BAC956AB1}.Release|x86.Build.0 = Release|Any CPU
		{845AA2C4-E5B7-434E-AD30-2C9570480D87}.AppStore|Any CPU.ActiveCfg = Release|Any CPU
		{845AA2C4-E5B7-434E-AD30-2C9570480D87}.AppStore|Any CPU.Build.0 = Release|Any CPU
		{845AA2C4-E5B7-434E-AD30-2C9570480D87}.AppStore|Any CPU.Deploy.0 = Release|Any CPU
		{845AA2C4-E5B7-434E-AD30-2C9570480D87}.AppStore|ARM.ActiveCfg = Release|Any CPU
		{845AA2C4-E5B7-434E-AD30-2C9570480D87}.AppStore|ARM.Build.0 = Release|Any CPU
		{845AA2C4-E5B7-434E-AD30-2C9570480D87}.AppStore|ARM.Deploy.0 = Release|Any CPU
		{845AA2C4-E5B7-434E-AD30-2C9570480D87}.AppStore|iPhone.ActiveCfg = Release|Any CPU
		{845AA2C4-E5B7-434E-AD30-2C9570480D87}.AppStore|iPhone.Build.0 = Release|Any CPU
		{845AA2C4-E5B7-434E-AD30-2C9570480D87}.AppStore|iPhone.Deploy.0 = Release|Any CPU
		{845AA2C4-E5B7-434E-AD30-2C9570480D87}.AppStore|iPhoneSimulator.ActiveCfg = Release|Any CPU
		{845AA2C4-E5B7-434E-AD30-2C9570480D87}.AppStore|iPhoneSimulator.Build.0 = Release|Any CPU
		{845AA2C4-E5B7-434E-AD30-2C9570480D87}.AppStore|iPhoneSimulator.Deploy.0 = Release|Any CPU
		{845AA2C4-E5B7-434E-AD30-2C9570480D87}.AppStore|x86.ActiveCfg = Release|Any CPU
		{845AA2C4-E5B7-434E-AD30-2C9570480D87}.AppStore|x86.Build.0 = Release|Any CPU
		{845AA2C4-E5B7-434E-AD30-2C9570480D87}.AppStore|x86.Deploy.0 = Release|Any CPU
		{845AA2C4-E5B7-434E-AD30-2C9570480D87}.Debug|Any CPU.ActiveCfg = Debug|Any CPU
		{845AA2C4-E5B7-434E-AD30-2C9570480D87}.Debug|Any CPU.Build.0 = Debug|Any CPU
		{845AA2C4-E5B7-434E-AD30-2C9570480D87}.Debug|Any CPU.Deploy.0 = Debug|Any CPU
		{845AA2C4-E5B7-434E-AD30-2C9570480D87}.Debug|ARM.ActiveCfg = Debug|Any CPU
		{845AA2C4-E5B7-434E-AD30-2C9570480D87}.Debug|ARM.Build.0 = Debug|Any CPU
		{845AA2C4-E5B7-434E-AD30-2C9570480D87}.Debug|ARM.Deploy.0 = Debug|Any CPU
		{845AA2C4-E5B7-434E-AD30-2C9570480D87}.Debug|iPhone.ActiveCfg = Debug|Any CPU
		{845AA2C4-E5B7-434E-AD30-2C9570480D87}.Debug|iPhone.Build.0 = Debug|Any CPU
		{845AA2C4-E5B7-434E-AD30-2C9570480D87}.Debug|iPhone.Deploy.0 = Debug|Any CPU
		{845AA2C4-E5B7-434E-AD30-2C9570480D87}.Debug|iPhoneSimulator.ActiveCfg = Debug|Any CPU
		{845AA2C4-E5B7-434E-AD30-2C9570480D87}.Debug|iPhoneSimulator.Build.0 = Debug|Any CPU
		{845AA2C4-E5B7-434E-AD30-2C9570480D87}.Debug|iPhoneSimulator.Deploy.0 = Debug|Any CPU
		{845AA2C4-E5B7-434E-AD30-2C9570480D87}.Debug|x86.ActiveCfg = Debug|Any CPU
		{845AA2C4-E5B7-434E-AD30-2C9570480D87}.Debug|x86.Build.0 = Debug|Any CPU
		{845AA2C4-E5B7-434E-AD30-2C9570480D87}.Debug|x86.Deploy.0 = Debug|Any CPU
		{845AA2C4-E5B7-434E-AD30-2C9570480D87}.Release|Any CPU.ActiveCfg = Release|Any CPU
		{845AA2C4-E5B7-434E-AD30-2C9570480D87}.Release|Any CPU.Build.0 = Release|Any CPU
		{845AA2C4-E5B7-434E-AD30-2C9570480D87}.Release|Any CPU.Deploy.0 = Release|Any CPU
		{845AA2C4-E5B7-434E-AD30-2C9570480D87}.Release|ARM.ActiveCfg = Release|Any CPU
		{845AA2C4-E5B7-434E-AD30-2C9570480D87}.Release|ARM.Build.0 = Release|Any CPU
		{845AA2C4-E5B7-434E-AD30-2C9570480D87}.Release|ARM.Deploy.0 = Release|Any CPU
		{845AA2C4-E5B7-434E-AD30-2C9570480D87}.Release|iPhone.ActiveCfg = Release|Any CPU
		{845AA2C4-E5B7-434E-AD30-2C9570480D87}.Release|iPhone.Build.0 = Release|Any CPU
		{845AA2C4-E5B7-434E-AD30-2C9570480D87}.Release|iPhone.Deploy.0 = Release|Any CPU
		{845AA2C4-E5B7-434E-AD30-2C9570480D87}.Release|iPhoneSimulator.ActiveCfg = Release|Any CPU
		{845AA2C4-E5B7-434E-AD30-2C9570480D87}.Release|iPhoneSimulator.Build.0 = Release|Any CPU
		{845AA2C4-E5B7-434E-AD30-2C9570480D87}.Release|iPhoneSimulator.Deploy.0 = Release|Any CPU
		{845AA2C4-E5B7-434E-AD30-2C9570480D87}.Release|x86.ActiveCfg = Release|Any CPU
		{845AA2C4-E5B7-434E-AD30-2C9570480D87}.Release|x86.Build.0 = Release|Any CPU
		{845AA2C4-E5B7-434E-AD30-2C9570480D87}.Release|x86.Deploy.0 = Release|Any CPU
		{D1EF57A9-342D-4599-9EBD-09C6EAB7E617}.AppStore|Any CPU.ActiveCfg = Release|Any CPU
		{D1EF57A9-342D-4599-9EBD-09C6EAB7E617}.AppStore|Any CPU.Build.0 = Release|Any CPU
		{D1EF57A9-342D-4599-9EBD-09C6EAB7E617}.AppStore|ARM.ActiveCfg = Release|Any CPU
		{D1EF57A9-342D-4599-9EBD-09C6EAB7E617}.AppStore|ARM.Build.0 = Release|Any CPU
		{D1EF57A9-342D-4599-9EBD-09C6EAB7E617}.AppStore|iPhone.ActiveCfg = Release|Any CPU
		{D1EF57A9-342D-4599-9EBD-09C6EAB7E617}.AppStore|iPhone.Build.0 = Release|Any CPU
		{D1EF57A9-342D-4599-9EBD-09C6EAB7E617}.AppStore|iPhoneSimulator.ActiveCfg = Release|Any CPU
		{D1EF57A9-342D-4599-9EBD-09C6EAB7E617}.AppStore|iPhoneSimulator.Build.0 = Release|Any CPU
		{D1EF57A9-342D-4599-9EBD-09C6EAB7E617}.AppStore|x86.ActiveCfg = Release|Any CPU
		{D1EF57A9-342D-4599-9EBD-09C6EAB7E617}.AppStore|x86.Build.0 = Release|Any CPU
		{D1EF57A9-342D-4599-9EBD-09C6EAB7E617}.Debug|Any CPU.ActiveCfg = Debug|Any CPU
		{D1EF57A9-342D-4599-9EBD-09C6EAB7E617}.Debug|Any CPU.Build.0 = Debug|Any CPU
		{D1EF57A9-342D-4599-9EBD-09C6EAB7E617}.Debug|ARM.ActiveCfg = Debug|Any CPU
		{D1EF57A9-342D-4599-9EBD-09C6EAB7E617}.Debug|ARM.Build.0 = Debug|Any CPU
		{D1EF57A9-342D-4599-9EBD-09C6EAB7E617}.Debug|iPhone.ActiveCfg = Debug|Any CPU
		{D1EF57A9-342D-4599-9EBD-09C6EAB7E617}.Debug|iPhone.Build.0 = Debug|Any CPU
		{D1EF57A9-342D-4599-9EBD-09C6EAB7E617}.Debug|iPhoneSimulator.ActiveCfg = Debug|Any CPU
		{D1EF57A9-342D-4599-9EBD-09C6EAB7E617}.Debug|iPhoneSimulator.Build.0 = Debug|Any CPU
		{D1EF57A9-342D-4599-9EBD-09C6EAB7E617}.Debug|x86.ActiveCfg = Debug|Any CPU
		{D1EF57A9-342D-4599-9EBD-09C6EAB7E617}.Debug|x86.Build.0 = Debug|Any CPU
		{D1EF57A9-342D-4599-9EBD-09C6EAB7E617}.Release|Any CPU.ActiveCfg = Release|Any CPU
		{D1EF57A9-342D-4599-9EBD-09C6EAB7E617}.Release|Any CPU.Build.0 = Release|Any CPU
		{D1EF57A9-342D-4599-9EBD-09C6EAB7E617}.Release|ARM.ActiveCfg = Release|Any CPU
		{D1EF57A9-342D-4599-9EBD-09C6EAB7E617}.Release|ARM.Build.0 = Release|Any CPU
		{D1EF57A9-342D-4599-9EBD-09C6EAB7E617}.Release|iPhone.ActiveCfg = Release|Any CPU
		{D1EF57A9-342D-4599-9EBD-09C6EAB7E617}.Release|iPhone.Build.0 = Release|Any CPU
		{D1EF57A9-342D-4599-9EBD-09C6EAB7E617}.Release|iPhoneSimulator.ActiveCfg = Release|Any CPU
		{D1EF57A9-342D-4599-9EBD-09C6EAB7E617}.Release|iPhoneSimulator.Build.0 = Release|Any CPU
		{D1EF57A9-342D-4599-9EBD-09C6EAB7E617}.Release|x86.ActiveCfg = Release|Any CPU
		{D1EF57A9-342D-4599-9EBD-09C6EAB7E617}.Release|x86.Build.0 = Release|Any CPU
	EndGlobalSection
	GlobalSection(SolutionProperties) = preSolution
		HideSolutionNode = FALSE
	EndGlobalSection
EndGlobal
